
Microsoft Visual Studio Solution File, Format Version 12.00
# Visual Studio Version 17
VisualStudioVersion = 17.6.33620.401
MinimumVisualStudioVersion = 10.0.40219.1
Project("{9A19103F-16F7-4668-BE54-9A1E7A4F7556}") = "ZMS.Server", "ZMS\Server\ZMS.Server.csproj", "{3565DF99-AFDD-4393-8FEA-2C2BB32A815C}"
	ProjectSection(ProjectDependencies) = postProject
		{63F448F6-B680-46CA-AA1D-AB5640A0E494} = {63F448F6-B680-46CA-AA1D-AB5640A0E494}
	EndProjectSection
EndProject
Project("{9A19103F-16F7-4668-BE54-9A1E7A4F7556}") = "ZMS.Client", "ZMS\Client\ZMS.Client.csproj", "{CA64BA6F-E207-42CE-ABF1-F8E7F7C99223}"
	ProjectSection(ProjectDependencies) = postProject
		{63F448F6-B680-46CA-AA1D-AB5640A0E494} = {63F448F6-B680-46CA-AA1D-AB5640A0E494}
	EndProjectSection
EndProject
Project("{9A19103F-16F7-4668-BE54-9A1E7A4F7556}") = "ZMS.Shared", "ZMS\Shared\ZMS.Shared.csproj", "{E6956728-76AF-4249-BA5A-E9FE7511F61E}"
	ProjectSection(ProjectDependencies) = postProject
		{63F448F6-B680-46CA-AA1D-AB5640A0E494} = {63F448F6-B680-46CA-AA1D-AB5640A0E494}
	EndProjectSection
EndProject
Project("{2150E333-8FDC-42A3-9474-1A3956D46DE8}") = "Solution Items", "Solution Items", "{EB35B59E-137D-4426-879E-7E5922F77AF8}"
	ProjectSection(SolutionItems) = preProject
		.gitignore = .gitignore
	EndProjectSection
EndProject
Project("{9A19103F-16F7-4668-BE54-9A1E7A4F7556}") = "DiscordOAuthHelper", "ZMS\DiscordOAuthHelper\DiscordOAuthHelper.csproj", "{63F448F6-B680-46CA-AA1D-AB5640A0E494}"
EndProject
Global
	GlobalSection(SolutionConfigurationPlatforms) = preSolution
		Debug|Any CPU = Debug|Any CPU
		Release|Any CPU = Release|Any CPU
	EndGlobalSection
	GlobalSection(ProjectConfigurationPlatforms) = postSolution
		{3565DF99-AFDD-4393-8FEA-2C2BB32A815C}.Debug|Any CPU.ActiveCfg = Debug|Any CPU
		{3565DF99-AFDD-4393-8FEA-2C2BB32A815C}.Debug|Any CPU.Build.0 = Debug|Any CPU
		{3565DF99-AFDD-4393-8FEA-2C2BB32A815C}.Release|Any CPU.ActiveCfg = Release|Any CPU
		{3565DF99-AFDD-4393-8FEA-2C2BB32A815C}.Release|Any CPU.Build.0 = Release|Any CPU
		{CA64BA6F-E207-42CE-ABF1-F8E7F7C99223}.Debug|Any CPU.ActiveCfg = Debug|Any CPU
		{CA64BA6F-E207-42CE-ABF1-F8E7F7C99223}.Debug|Any CPU.Build.0 = Debug|Any CPU
		{CA64BA6F-E207-42CE-ABF1-F8E7F7C99223}.Release|Any CPU.ActiveCfg = Release|Any CPU
		{CA64BA6F-E207-42CE-ABF1-F8E7F7C99223}.Release|Any CPU.Build.0 = Release|Any CPU
		{E6956728-76AF-4249-BA5A-E9FE7511F61E}.Debug|Any CPU.ActiveCfg = Debug|Any CPU
		{E6956728-76AF-4249-BA5A-E9FE7511F61E}.Debug|Any CPU.Build.0 = Debug|Any CPU
		{E6956728-76AF-4249-BA5A-E9FE7511F61E}.Release|Any CPU.ActiveCfg = Release|Any CPU
		{E6956728-76AF-4249-BA5A-E9FE7511F61E}.Release|Any CPU.Build.0 = Release|Any CPU
		{63F448F6-B680-46CA-AA1D-AB5640A0E494}.Debug|Any CPU.ActiveCfg = Debug|Any CPU
		{63F448F6-B680-46CA-AA1D-AB5640A0E494}.Debug|Any CPU.Build.0 = Debug|Any CPU
		{63F448F6-B680-46CA-AA1D-AB5640A0E494}.Release|Any CPU.ActiveCfg = Release|Any CPU
		{63F448F6-B680-46CA-AA1D-AB5640A0E494}.Release|Any CPU.Build.0 = Release|Any CPU
	EndGlobalSection
	GlobalSection(SolutionProperties) = preSolution
		HideSolutionNode = FALSE
	EndGlobalSection
	GlobalSection(ExtensibilityGlobals) = postSolution
		SolutionGuid = {E4FB6186-9AD6-479A-9369-30142870FD8A}
	EndGlobalSection
EndGlobal
